
Microsoft Visual Studio Solution File, Format Version 12.00
# Visual Studio Version 17
VisualStudioVersion = 17.13.35818.85 d17.13
MinimumVisualStudioVersion = 10.0.40219.1
Project("{FAE04EC0-301F-11D3-BF4B-00C04F79EFBC}") = "PokerH", "PokerH.csproj", "{291CD46C-9443-41A1-9A08-6AE502982C9C}"
EndProject
Global
	GlobalSection(SolutionConfigurationPlatforms) = preSolution
		Debug|Any CPU = Debug|Any CPU
		Release|Any CPU = Release|Any CPU
	EndGlobalSection
	GlobalSection(ProjectConfigurationPlatforms) = postSolution
		{291CD46C-9443-41A1-9A08-6AE502982C9C}.Debug|Any CPU.ActiveCfg = Debug|Any CPU
		{291CD46C-9443-41A1-9A08-6AE502982C9C}.Debug|Any CPU.Build.0 = Debug|Any CPU
		{291CD46C-9443-41A1-9A08-6AE502982C9C}.Release|Any CPU.ActiveCfg = Release|Any CPU
		{291CD46C-9443-41A1-9A08-6AE502982C9C}.Release|Any CPU.Build.0 = Release|Any CPU
	EndGlobalSection
	GlobalSection(SolutionProperties) = preSolution
		HideSolutionNode = FALSE
	EndGlobalSection
	GlobalSection(ExtensibilityGlobals) = postSolution
		SolutionGuid = {4F88F02B-1B46-4418-A6CA-0694F2686DD3}
	EndGlobalSection
EndGlobal
